
Microsoft Visual Studio Solution File, Format Version 12.00
# Visual Studio Version 16
VisualStudioVersion = 16.0.28407.52
MinimumVisualStudioVersion = 10.0.40219.1
Project("{888888A0-9F3D-457C-B088-3A5042F75D52}") = "Project Wing", "Project Wing\Project Wing.pyproj", "{7C1452F9-28A1-434F-95BB-A67A6A4E6990}"
EndProject
Project("{888888A0-9F3D-457C-B088-3A5042F75D52}") = "Network", "Project Wing\GUI\Network\Network.pyproj", "{10FF9C5F-A3E1-492D-A632-6CC723FD1D91}"
EndProject
Project("{888888A0-9F3D-457C-B088-3A5042F75D52}") = "Task Allocation", "Task Allocation\Task Allocation.pyproj", "{029A40CA-2161-4247-9C21-FA42C86A9F98}"
EndProject
Global
	GlobalSection(SolutionConfigurationPlatforms) = preSolution
		Debug|Any CPU = Debug|Any CPU
		Debug|x64 = Debug|x64
		Debug|x86 = Debug|x86
		Release|Any CPU = Release|Any CPU
		Release|x64 = Release|x64
		Release|x86 = Release|x86
	EndGlobalSection
	GlobalSection(ProjectConfigurationPlatforms) = postSolution
		{7C1452F9-28A1-434F-95BB-A67A6A4E6990}.Debug|Any CPU.ActiveCfg = Debug|Any CPU
		{7C1452F9-28A1-434F-95BB-A67A6A4E6990}.Debug|x64.ActiveCfg = Debug|Any CPU
		{7C1452F9-28A1-434F-95BB-A67A6A4E6990}.Debug|x86.ActiveCfg = Debug|Any CPU
		{7C1452F9-28A1-434F-95BB-A67A6A4E6990}.Release|Any CPU.ActiveCfg = Debug|Any CPU
		{7C1452F9-28A1-434F-95BB-A67A6A4E6990}.Release|x64.ActiveCfg = Release|Any CPU
		{7C1452F9-28A1-434F-95BB-A67A6A4E6990}.Release|x86.ActiveCfg = Release|Any CPU
		{10FF9C5F-A3E1-492D-A632-6CC723FD1D91}.Debug|Any CPU.ActiveCfg = Debug|Any CPU
		{10FF9C5F-A3E1-492D-A632-6CC723FD1D91}.Debug|x64.ActiveCfg = Debug|Any CPU
		{10FF9C5F-A3E1-492D-A632-6CC723FD1D91}.Debug|x64.Build.0 = Debug|Any CPU
		{10FF9C5F-A3E1-492D-A632-6CC723FD1D91}.Debug|x86.ActiveCfg = Debug|Any CPU
		{10FF9C5F-A3E1-492D-A632-6CC723FD1D91}.Debug|x86.Build.0 = Debug|Any CPU
		{10FF9C5F-A3E1-492D-A632-6CC723FD1D91}.Release|Any CPU.ActiveCfg = Debug|Any CPU
		{10FF9C5F-A3E1-492D-A632-6CC723FD1D91}.Release|x64.ActiveCfg = Release|Any CPU
		{10FF9C5F-A3E1-492D-A632-6CC723FD1D91}.Release|x64.Build.0 = Release|Any CPU
		{10FF9C5F-A3E1-492D-A632-6CC723FD1D91}.Release|x86.ActiveCfg = Release|Any CPU
		{10FF9C5F-A3E1-492D-A632-6CC723FD1D91}.Release|x86.Build.0 = Release|Any CPU
		{029A40CA-2161-4247-9C21-FA42C86A9F98}.Debug|Any CPU.ActiveCfg = Debug|Any CPU
		{029A40CA-2161-4247-9C21-FA42C86A9F98}.Debug|x64.ActiveCfg = Debug|Any CPU
		{029A40CA-2161-4247-9C21-FA42C86A9F98}.Debug|x86.ActiveCfg = Debug|Any CPU
		{029A40CA-2161-4247-9C21-FA42C86A9F98}.Release|Any CPU.ActiveCfg = Release|Any CPU
		{029A40CA-2161-4247-9C21-FA42C86A9F98}.Release|x64.ActiveCfg = Release|Any CPU
		{029A40CA-2161-4247-9C21-FA42C86A9F98}.Release|x86.ActiveCfg = Release|Any CPU
	EndGlobalSection
	GlobalSection(SolutionProperties) = preSolution
		HideSolutionNode = FALSE
	EndGlobalSection
	GlobalSection(ExtensibilityGlobals) = postSolution
		SolutionGuid = {8BDC967C-2469-4C77-B8C2-7020A14DDEDB}
	EndGlobalSection
EndGlobal
